# This file is autogenerated, do not edit; changes may be undone by the next 'dep ensure'.


[[projects]]
  branch = "master"
  name = "git.apache.org/thrift.git"
  packages = ["lib/go/thrift"]
  revision = "d566da7739c9aae63fe7fc9d267887fa73e5dda7"
  source = "github.com/apache/thrift"

[[projects]]
  name = "github.com/golang-migrate/migrate"
  packages = [
    ".",
    "database",
    "database/postgres",
    "source",
    "source/file"
  ]
  revision = "93d53a5ae84d81945eedadfe8f6865530d61d51c"
  version = "v3.5.1"

[[projects]]
  branch = "master"
  name = "github.com/jmoiron/sqlx"
  packages = [
    ".",
    "reflectx"
  ]
  revision = "0dae4fefe7c0e190f7b5a78dac28a1c82cc8d849"

[[projects]]
  name = "github.com/lib/pq"
  packages = [
    ".",
    "oid"
  ]
  revision = "4ded0e9383f75c197b3a2aaa6d590ac52df6fd79"
  version = "v1.0.0"

[[projects]]
  name = "github.com/mattn/go-runewidth"
  packages = ["."]
  revision = "ce7b0b5c7b45a81508558cd1dba6bb1e4ddb51bb"
  version = "v0.0.3"

[[projects]]
  branch = "master"
  name = "github.com/olekukonko/tablewriter"
  packages = ["."]
  revision = "be2c049b30ccd4d3fd795d6bf7dce74e42eeedaa"

[[projects]]
  name = "go.opencensus.io"
  packages = [
    ".",
    "exporter/jaeger",
    "exporter/jaeger/internal/gen-go/jaeger",
    "internal",
    "trace",
    "trace/internal",
    "trace/tracestate"
  ]
  revision = "79993219becaa7e29e3b60cb67f5b8e82dee11d6"
  version = "v0.17.0"

[[projects]]
  branch = "master"
  name = "golang.org/x/net"
  packages = ["context"]
  revision = "146acd28ed5894421fb5aac80ca93bc1b1f46f87"

[[projects]]
  branch = "master"
  name = "golang.org/x/sync"
  packages = ["semaphore"]
  revision = "1d60e4601c6fd243af51cc01ddf169918a5407ca"

[[projects]]
  branch = "master"
  name = "google.golang.org/api"
  packages = ["support/bundler"]
  revision = "c21459d81882ee61fcd6631fb94dbd9a29bd4377"

[solve-meta]
  analyzer-name = "dep"
  analyzer-version = 1
  inputs-digest = "aeb4255fe132b12450d5606de96fb29d032a55e8fd729c5a1539e787dc554bdb"
  solver-name = "gps-cdcl"
  solver-version = 1
